<?xml version="1.0" encoding="UTF-8" standalone="yes" ?>
<CodeBlocks_project_file>
	<FileVersion major="1" minor="6" />
	<Project>
		<Option title="beba-switch" />
		<Option pch_mode="2" />
		<Option compiler="gcc" />
		<Build>
			<Target title="Debug">
				<Option output="bin/Debug/beba-switch" prefix_auto="1" extension_auto="1" />
				<Option object_output="obj/Debug/" />
				<Option type="1" />
				<Option compiler="gcc" />
				<Compiler>
					<Add option="-g" />
				</Compiler>
			</Target>
			<Target title="Release">
				<Option output="bin/Release/beba-switch" prefix_auto="1" extension_auto="1" />
				<Option object_output="obj/Release/" />
				<Option type="1" />
				<Option compiler="gcc" />
				<Compiler>
					<Add option="-O2" />
				</Compiler>
				<Linker>
					<Add option="-s" />
				</Linker>
			</Target>
		</Build>
		<Compiler>
			<Add option="-Wall" />
		</Compiler>
		<Unit filename="../config.h" />
		<Unit filename="../include/openflow/beba-ext.h" />
		<Unit filename="../include/openflow/nicira-ext.h" />
		<Unit filename="../include/openflow/of_hw_api.h" />
		<Unit filename="../include/openflow/openflow-ext.h" />
		<Unit filename="../include/openflow/openflow-netlink.h" />
		<Unit filename="../include/openflow/openflow.h" />
		<Unit filename="../include/openflow/private-ext.h" />
		<Unit filename="../lib/backtrace.c">
			<Option compilerVar="CC" />
		</Unit>
		<Unit filename="../lib/backtrace.h" />
		<Unit filename="../lib/byte-order.h" />
		<Unit filename="../lib/command-line.c">
			<Option compilerVar="CC" />
		</Unit>
		<Unit filename="../lib/command-line.h" />
		<Unit filename="../lib/compiler.h" />
		<Unit filename="../lib/csum.c">
			<Option compilerVar="CC" />
		</Unit>
		<Unit filename="../lib/csum.h" />
		<Unit filename="../lib/daemon.c">
			<Option compilerVar="CC" />
		</Unit>
		<Unit filename="../lib/daemon.h" />
		<Unit filename="../lib/dhcp-client.c">
			<Option compilerVar="CC" />
		</Unit>
		<Unit filename="../lib/dhcp-client.h" />
		<Unit filename="../lib/dhcp.c">
			<Option compilerVar="CC" />
		</Unit>
		<Unit filename="../lib/dhcp.h" />
		<Unit filename="../lib/dhparams.h" />
		<Unit filename="../lib/dirs.c">
			<Option compilerVar="CC" />
		</Unit>
		<Unit filename="../lib/dirs.h" />
		<Unit filename="../lib/dpif.c">
			<Option compilerVar="CC" />
		</Unit>
		<Unit filename="../lib/dpif.h" />
		<Unit filename="../lib/dynamic-string.c">
			<Option compilerVar="CC" />
		</Unit>
		<Unit filename="../lib/dynamic-string.h" />
		<Unit filename="../lib/fatal-signal.c">
			<Option compilerVar="CC" />
		</Unit>
		<Unit filename="../lib/fatal-signal.h" />
		<Unit filename="../lib/fault.c">
			<Option compilerVar="CC" />
		</Unit>
		<Unit filename="../lib/fault.h" />
		<Unit filename="../lib/flow.c">
			<Option compilerVar="CC" />
		</Unit>
		<Unit filename="../lib/flow.h" />
		<Unit filename="../lib/hash.c">
			<Option compilerVar="CC" />
		</Unit>
		<Unit filename="../lib/hash.h" />
		<Unit filename="../lib/hmap.c">
			<Option compilerVar="CC" />
		</Unit>
		<Unit filename="../lib/hmap.h" />
		<Unit filename="../lib/ipv6_util.c">
			<Option compilerVar="CC" />
		</Unit>
		<Unit filename="../lib/ipv6_util.h" />
		<Unit filename="../lib/leak-checker.c">
			<Option compilerVar="CC" />
		</Unit>
		<Unit filename="../lib/leak-checker.h" />
		<Unit filename="../lib/list.c">
			<Option compilerVar="CC" />
		</Unit>
		<Unit filename="../lib/list.h" />
		<Unit filename="../lib/mac-learning.c">
			<Option compilerVar="CC" />
		</Unit>
		<Unit filename="../lib/mac-learning.h" />
		<Unit filename="../lib/netdev.c">
			<Option compilerVar="CC" />
		</Unit>
		<Unit filename="../lib/netdev.h" />
		<Unit filename="../lib/netlink-protocol.h" />
		<Unit filename="../lib/netlink.c">
			<Option compilerVar="CC" />
		</Unit>
		<Unit filename="../lib/netlink.h" />
		<Unit filename="../lib/ofp.c">
			<Option compilerVar="CC" />
		</Unit>
		<Unit filename="../lib/ofp.h" />
		<Unit filename="../lib/ofpbuf.c">
			<Option compilerVar="CC" />
		</Unit>
		<Unit filename="../lib/ofpbuf.h" />
		<Unit filename="../lib/ofpstat.c">
			<Option compilerVar="CC" />
		</Unit>
		<Unit filename="../lib/ofpstat.h" />
		<Unit filename="../lib/packets.h" />
		<Unit filename="../lib/pcap.c">
			<Option compilerVar="CC" />
		</Unit>
		<Unit filename="../lib/pcap.h" />
		<Unit filename="../lib/poll-loop.c">
			<Option compilerVar="CC" />
		</Unit>
		<Unit filename="../lib/poll-loop.h" />
		<Unit filename="../lib/port-array.c">
			<Option compilerVar="CC" />
		</Unit>
		<Unit filename="../lib/port-array.h" />
		<Unit filename="../lib/process.c">
			<Option compilerVar="CC" />
		</Unit>
		<Unit filename="../lib/process.h" />
		<Unit filename="../lib/queue.c">
			<Option compilerVar="CC" />
		</Unit>
		<Unit filename="../lib/queue.h" />
		<Unit filename="../lib/random.c">
			<Option compilerVar="CC" />
		</Unit>
		<Unit filename="../lib/random.h" />
		<Unit filename="../lib/rconn.c">
			<Option compilerVar="CC" />
		</Unit>
		<Unit filename="../lib/rconn.h" />
		<Unit filename="../lib/sat-math.h" />
		<Unit filename="../lib/shash.c">
			<Option compilerVar="CC" />
		</Unit>
		<Unit filename="../lib/shash.h" />
		<Unit filename="../lib/signals.c">
			<Option compilerVar="CC" />
		</Unit>
		<Unit filename="../lib/signals.h" />
		<Unit filename="../lib/socket-util.c">
			<Option compilerVar="CC" />
		</Unit>
		<Unit filename="../lib/socket-util.h" />
		<Unit filename="../lib/stp.c">
			<Option compilerVar="CC" />
		</Unit>
		<Unit filename="../lib/stp.h" />
		<Unit filename="../lib/svec.c">
			<Option compilerVar="CC" />
		</Unit>
		<Unit filename="../lib/svec.h" />
		<Unit filename="../lib/tag.c">
			<Option compilerVar="CC" />
		</Unit>
		<Unit filename="../lib/tag.h" />
		<Unit filename="../lib/timeval.c">
			<Option compilerVar="CC" />
		</Unit>
		<Unit filename="../lib/timeval.h" />
		<Unit filename="../lib/type-props.h" />
		<Unit filename="../lib/type-traits.h" />
		<Unit filename="../lib/unaligned.h" />
		<Unit filename="../lib/util.c">
			<Option compilerVar="CC" />
		</Unit>
		<Unit filename="../lib/util.h" />
		<Unit filename="../lib/vconn-netlink.c">
			<Option compilerVar="CC" />
		</Unit>
		<Unit filename="../lib/vconn-provider.h" />
		<Unit filename="../lib/vconn-ssl.c">
			<Option compilerVar="CC" />
		</Unit>
		<Unit filename="../lib/vconn-ssl.h" />
		<Unit filename="../lib/vconn-stream.c">
			<Option compilerVar="CC" />
		</Unit>
		<Unit filename="../lib/vconn-stream.h" />
		<Unit filename="../lib/vconn-tcp.c">
			<Option compilerVar="CC" />
		</Unit>
		<Unit filename="../lib/vconn-unix.c">
			<Option compilerVar="CC" />
		</Unit>
		<Unit filename="../lib/vconn.c">
			<Option compilerVar="CC" />
		</Unit>
		<Unit filename="../lib/vconn.h" />
		<Unit filename="../lib/vlog-socket.c">
			<Option compilerVar="CC" />
		</Unit>
		<Unit filename="../lib/vlog-socket.h" />
		<Unit filename="../lib/vlog.c">
			<Option compilerVar="CC" />
		</Unit>
		<Unit filename="../lib/vlog.h" />
		<Unit filename="../lib/xtoxll.h" />
		<Unit filename="../oflib-exp/ofl-exp-beba.c">
			<Option compilerVar="CC" />
		</Unit>
		<Unit filename="../oflib-exp/ofl-exp-beba.h" />
		<Unit filename="../oflib-exp/ofl-exp-nicira.c">
			<Option compilerVar="CC" />
		</Unit>
		<Unit filename="../oflib-exp/ofl-exp-nicira.h" />
		<Unit filename="../oflib-exp/ofl-exp-openflow.c">
			<Option compilerVar="CC" />
		</Unit>
		<Unit filename="../oflib-exp/ofl-exp-openflow.h" />
		<Unit filename="../oflib-exp/ofl-exp.c">
			<Option compilerVar="CC" />
		</Unit>
		<Unit filename="../oflib-exp/ofl-exp.h" />
		<Unit filename="../oflib/ofl-actions-pack.c">
			<Option compilerVar="CC" />
		</Unit>
		<Unit filename="../oflib/ofl-actions-print.c">
			<Option compilerVar="CC" />
		</Unit>
		<Unit filename="../oflib/ofl-actions-unpack.c">
			<Option compilerVar="CC" />
		</Unit>
		<Unit filename="../oflib/ofl-actions.c">
			<Option compilerVar="CC" />
		</Unit>
		<Unit filename="../oflib/ofl-actions.h" />
		<Unit filename="../oflib/ofl-log-vlog-cc.h" />
		<Unit filename="../oflib/ofl-log-vlog.h" />
		<Unit filename="../oflib/ofl-log.h" />
		<Unit filename="../oflib/ofl-messages-pack.c">
			<Option compilerVar="CC" />
		</Unit>
		<Unit filename="../oflib/ofl-messages-print.c">
			<Option compilerVar="CC" />
		</Unit>
		<Unit filename="../oflib/ofl-messages-unpack.c">
			<Option compilerVar="CC" />
		</Unit>
		<Unit filename="../oflib/ofl-messages.c">
			<Option compilerVar="CC" />
		</Unit>
		<Unit filename="../oflib/ofl-messages.h" />
		<Unit filename="../oflib/ofl-packets.h" />
		<Unit filename="../oflib/ofl-print.c">
			<Option compilerVar="CC" />
		</Unit>
		<Unit filename="../oflib/ofl-print.h" />
		<Unit filename="../oflib/ofl-structs-match.c">
			<Option compilerVar="CC" />
		</Unit>
		<Unit filename="../oflib/ofl-structs-pack.c">
			<Option compilerVar="CC" />
		</Unit>
		<Unit filename="../oflib/ofl-structs-print.c">
			<Option compilerVar="CC" />
		</Unit>
		<Unit filename="../oflib/ofl-structs-unpack.c">
			<Option compilerVar="CC" />
		</Unit>
		<Unit filename="../oflib/ofl-structs.c">
			<Option compilerVar="CC" />
		</Unit>
		<Unit filename="../oflib/ofl-structs.h" />
		<Unit filename="../oflib/ofl-utils.h" />
		<Unit filename="../oflib/ofl.h" />
		<Unit filename="../oflib/oxm-match.c">
			<Option compilerVar="CC" />
		</Unit>
		<Unit filename="../oflib/oxm-match.h" />
		<Unit filename="../secchan/discovery.c">
			<Option compilerVar="CC" />
		</Unit>
		<Unit filename="../secchan/discovery.h" />
		<Unit filename="../secchan/failover.c">
			<Option compilerVar="CC" />
		</Unit>
		<Unit filename="../secchan/failover.h" />
		<Unit filename="../secchan/in-band.c">
			<Option compilerVar="CC" />
		</Unit>
		<Unit filename="../secchan/in-band.h" />
		<Unit filename="../secchan/port-watcher.c">
			<Option compilerVar="CC" />
		</Unit>
		<Unit filename="../secchan/port-watcher.h" />
		<Unit filename="../secchan/ratelimit.c">
			<Option compilerVar="CC" />
		</Unit>
		<Unit filename="../secchan/ratelimit.h" />
		<Unit filename="../secchan/secchan.c">
			<Option compilerVar="CC" />
		</Unit>
		<Unit filename="../secchan/secchan.h" />
		<Unit filename="../secchan/status.c">
			<Option compilerVar="CC" />
		</Unit>
		<Unit filename="../secchan/status.h" />
		<Unit filename="../secchan/stp-secchan.c">
			<Option compilerVar="CC" />
		</Unit>
		<Unit filename="../secchan/stp-secchan.h" />
		<Unit filename="../udatapath/action_set.c">
			<Option compilerVar="CC" />
		</Unit>
		<Unit filename="../udatapath/action_set.h" />
		<Unit filename="../udatapath/crc32.c">
			<Option compilerVar="CC" />
		</Unit>
		<Unit filename="../udatapath/crc32.h" />
		<Unit filename="../udatapath/datapath.c">
			<Option compilerVar="CC" />
		</Unit>
		<Unit filename="../udatapath/datapath.h" />
		<Unit filename="../udatapath/dp_actions.c">
			<Option compilerVar="CC" />
		</Unit>
		<Unit filename="../udatapath/dp_actions.h" />
		<Unit filename="../udatapath/dp_buffers.c">
			<Option compilerVar="CC" />
		</Unit>
		<Unit filename="../udatapath/dp_buffers.h" />
		<Unit filename="../udatapath/dp_capabilities.h" />
		<Unit filename="../udatapath/dp_control.c">
			<Option compilerVar="CC" />
		</Unit>
		<Unit filename="../udatapath/dp_control.h" />
		<Unit filename="../udatapath/dp_exp.c">
			<Option compilerVar="CC" />
		</Unit>
		<Unit filename="../udatapath/dp_exp.h" />
		<Unit filename="../udatapath/dp_ports.c">
			<Option compilerVar="CC" />
		</Unit>
		<Unit filename="../udatapath/dp_ports.h" />
		<Unit filename="../udatapath/flow_entry.c">
			<Option compilerVar="CC" />
		</Unit>
		<Unit filename="../udatapath/flow_entry.h" />
		<Unit filename="../udatapath/flow_table.c">
			<Option compilerVar="CC" />
		</Unit>
		<Unit filename="../udatapath/flow_table.h" />
		<Unit filename="../udatapath/group_entry.c">
			<Option compilerVar="CC" />
		</Unit>
		<Unit filename="../udatapath/group_entry.h" />
		<Unit filename="../udatapath/group_table.c">
			<Option compilerVar="CC" />
		</Unit>
		<Unit filename="../udatapath/group_table.h" />
		<Unit filename="../udatapath/match_std.c">
			<Option compilerVar="CC" />
		</Unit>
		<Unit filename="../udatapath/match_std.h" />
		<Unit filename="../udatapath/meter_entry.c">
			<Option compilerVar="CC" />
		</Unit>
		<Unit filename="../udatapath/meter_entry.h" />
		<Unit filename="../udatapath/meter_table.c">
			<Option compilerVar="CC" />
		</Unit>
		<Unit filename="../udatapath/meter_table.h" />
		<Unit filename="../udatapath/packet.c">
			<Option compilerVar="CC" />
		</Unit>
		<Unit filename="../udatapath/packet.h" />
		<Unit filename="../udatapath/packet_handle_std.c">
			<Option compilerVar="CC" />
		</Unit>
		<Unit filename="../udatapath/packet_handle_std.h" />
		<Unit filename="../udatapath/pipeline.c">
			<Option compilerVar="CC" />
		</Unit>
		<Unit filename="../udatapath/pipeline.h" />
		<Unit filename="../udatapath/udatapath.c">
			<Option compilerVar="CC" />
		</Unit>
		<Unit filename="../utilities/dpctl.c">
			<Option compilerVar="CC" />
		</Unit>
		<Unit filename="../utilities/dpctl.h" />
		<Unit filename="../utilities/ofp-discover.c">
			<Option compilerVar="CC" />
		</Unit>
		<Unit filename="../utilities/ofp-kill.c">
			<Option compilerVar="CC" />
		</Unit>
		<Unit filename="../utilities/ofp-read.c">
			<Option compilerVar="CC" />
		</Unit>
		<Unit filename="../utilities/vlogconf.c">
			<Option compilerVar="CC" />
		</Unit>
		<Extensions>
			<code_completion />
			<debugger />
		</Extensions>
	</Project>
</CodeBlocks_project_file>
